
Microsoft Visual Studio Solution File, Format Version 12.00
# Visual Studio Version 17
VisualStudioVersion = 17.5.33530.505
MinimumVisualStudioVersion = 10.0.40219.1
Project("{9A19103F-16F7-4668-BE54-9A1E7A4F7556}") = "ClassHubUI", "ClassHub\ClassHubUI.csproj", "{2232DD66-0412-4483-95EC-8FCFDAE4993D}"
EndProject
Project("{9A19103F-16F7-4668-BE54-9A1E7A4F7556}") = "Domain", "Domain\Domain.csproj", "{4EF7392C-BD53-4C47-AEBB-73E48E820463}"
EndProject
Project("{9A19103F-16F7-4668-BE54-9A1E7A4F7556}") = "Application", "Application\Application.csproj", "{47468820-2381-4C62-A921-67A38596C1B8}"
EndProject
Project("{9A19103F-16F7-4668-BE54-9A1E7A4F7556}") = "Intrastructure", "Intrastructure\Intrastructure.csproj", "{C2CEF5FD-C9DC-44B6-B95B-865B834A9308}"
EndProject
Global
	GlobalSection(SolutionConfigurationPlatforms) = preSolution
		Debug|Any CPU = Debug|Any CPU
		Release|Any CPU = Release|Any CPU
	EndGlobalSection
	GlobalSection(ProjectConfigurationPlatforms) = postSolution
		{2232DD66-0412-4483-95EC-8FCFDAE4993D}.Debug|Any CPU.ActiveCfg = Debug|Any CPU
		{2232DD66-0412-4483-95EC-8FCFDAE4993D}.Debug|Any CPU.Build.0 = Debug|Any CPU
		{2232DD66-0412-4483-95EC-8FCFDAE4993D}.Release|Any CPU.ActiveCfg = Release|Any CPU
		{2232DD66-0412-4483-95EC-8FCFDAE4993D}.Release|Any CPU.Build.0 = Release|Any CPU
		{4EF7392C-BD53-4C47-AEBB-73E48E820463}.Debug|Any CPU.ActiveCfg = Debug|Any CPU
		{4EF7392C-BD53-4C47-AEBB-73E48E820463}.Debug|Any CPU.Build.0 = Debug|Any CPU
		{4EF7392C-BD53-4C47-AEBB-73E48E820463}.Release|Any CPU.ActiveCfg = Release|Any CPU
		{4EF7392C-BD53-4C47-AEBB-73E48E820463}.Release|Any CPU.Build.0 = Release|Any CPU
		{47468820-2381-4C62-A921-67A38596C1B8}.Debug|Any CPU.ActiveCfg = Debug|Any CPU
		{47468820-2381-4C62-A921-67A38596C1B8}.Debug|Any CPU.Build.0 = Debug|Any CPU
		{47468820-2381-4C62-A921-67A38596C1B8}.Release|Any CPU.ActiveCfg = Release|Any CPU
		{47468820-2381-4C62-A921-67A38596C1B8}.Release|Any CPU.Build.0 = Release|Any CPU
		{C2CEF5FD-C9DC-44B6-B95B-865B834A9308}.Debug|Any CPU.ActiveCfg = Debug|Any CPU
		{C2CEF5FD-C9DC-44B6-B95B-865B834A9308}.Debug|Any CPU.Build.0 = Debug|Any CPU
		{C2CEF5FD-C9DC-44B6-B95B-865B834A9308}.Release|Any CPU.ActiveCfg = Release|Any CPU
		{C2CEF5FD-C9DC-44B6-B95B-865B834A9308}.Release|Any CPU.Build.0 = Release|Any CPU
	EndGlobalSection
	GlobalSection(SolutionProperties) = preSolution
		HideSolutionNode = FALSE
	EndGlobalSection
	GlobalSection(ExtensibilityGlobals) = postSolution
		SolutionGuid = {E1B12BB1-4EC5-4805-BD60-CD75C209E948}
	EndGlobalSection
EndGlobal
